
Microsoft Visual Studio Solution File, Format Version 12.00
Project("{FAE04EC0-301F-11D3-BF4B-00C04F79EFBC}") = "si730pc2u202119447.API", "si730pc2u202119447.API.csproj", "{0C4E1B70-8B34-418D-9B41-BD0E946F2566}"
EndProject
Global
	GlobalSection(SolutionConfigurationPlatforms) = preSolution
		Debug|Any CPU = Debug|Any CPU
		Release|Any CPU = Release|Any CPU
	EndGlobalSection
	GlobalSection(ProjectConfigurationPlatforms) = postSolution
		{0C4E1B70-8B34-418D-9B41-BD0E946F2566}.Debug|Any CPU.ActiveCfg = Debug|Any CPU
		{0C4E1B70-8B34-418D-9B41-BD0E946F2566}.Debug|Any CPU.Build.0 = Debug|Any CPU
		{0C4E1B70-8B34-418D-9B41-BD0E946F2566}.Release|Any CPU.ActiveCfg = Release|Any CPU
		{0C4E1B70-8B34-418D-9B41-BD0E946F2566}.Release|Any CPU.Build.0 = Release|Any CPU
	EndGlobalSection
EndGlobal
